
Microsoft Visual Studio Solution File, Format Version 12.00
# Visual Studio 15
VisualStudioVersion = 15.0.28307.852
MinimumVisualStudioVersion = 10.0.40219.1
Project("{FAE04EC0-301F-11D3-BF4B-00C04F79EFBC}") = "SendGrid", "SendGrid\SendGrid.csproj", "{B8B444F4-3A95-4425-99B0-F54C1E3EB58B}"
EndProject
Global
	GlobalSection(SolutionConfigurationPlatforms) = preSolution
		Debug|Any CPU = Debug|Any CPU
		Release|Any CPU = Release|Any CPU
	EndGlobalSection
	GlobalSection(ProjectConfigurationPlatforms) = postSolution
		{B8B444F4-3A95-4425-99B0-F54C1E3EB58B}.Debug|Any CPU.ActiveCfg = Debug|Any CPU
		{B8B444F4-3A95-4425-99B0-F54C1E3EB58B}.Debug|Any CPU.Build.0 = Debug|Any CPU
		{B8B444F4-3A95-4425-99B0-F54C1E3EB58B}.Release|Any CPU.ActiveCfg = Release|Any CPU
		{B8B444F4-3A95-4425-99B0-F54C1E3EB58B}.Release|Any CPU.Build.0 = Release|Any CPU
	EndGlobalSection
	GlobalSection(SolutionProperties) = preSolution
		HideSolutionNode = FALSE
	EndGlobalSection
	GlobalSection(ExtensibilityGlobals) = postSolution
		SolutionGuid = {97A1FFD2-CD43-49AF-B9EE-41A7077C0E5D}
	EndGlobalSection
EndGlobal
